
Microsoft Visual Studio Solution File, Format Version 12.00
# Visual Studio Version 17
VisualStudioVersion = 17.0.31903.59
MinimumVisualStudioVersion = 10.0.40219.1
Project("{FAE04EC0-301F-11D3-BF4B-00C04F79EFBC}") = "AdventOfCode2025", "AdventOfCode2025\AdventOfCode2025.csproj", "{8440315F-C934-451E-85B4-0F583551345C}"
EndProject
Project("{FAE04EC0-301F-11D3-BF4B-00C04F79EFBC}") = "AdventOfCode2025.Tests", "AdventOfCode2025.Tests\AdventOfCode2025.Tests.csproj", "{CDAB516D-617A-46D8-8321-2819C339A37C}"
EndProject
Global
	GlobalSection(SolutionConfigurationPlatforms) = preSolution
		Debug|Any CPU = Debug|Any CPU
		Debug|x64 = Debug|x64
		Debug|x86 = Debug|x86
		Release|Any CPU = Release|Any CPU
		Release|x64 = Release|x64
		Release|x86 = Release|x86
	EndGlobalSection
	GlobalSection(ProjectConfigurationPlatforms) = postSolution
		{8440315F-C934-451E-85B4-0F583551345C}.Debug|Any CPU.ActiveCfg = Debug|Any CPU
		{8440315F-C934-451E-85B4-0F583551345C}.Debug|Any CPU.Build.0 = Debug|Any CPU
		{8440315F-C934-451E-85B4-0F583551345C}.Debug|x64.ActiveCfg = Debug|Any CPU
		{8440315F-C934-451E-85B4-0F583551345C}.Debug|x64.Build.0 = Debug|Any CPU
		{8440315F-C934-451E-85B4-0F583551345C}.Debug|x86.ActiveCfg = Debug|Any CPU
		{8440315F-C934-451E-85B4-0F583551345C}.Debug|x86.Build.0 = Debug|Any CPU
		{8440315F-C934-451E-85B4-0F583551345C}.Release|Any CPU.ActiveCfg = Release|Any CPU
		{8440315F-C934-451E-85B4-0F583551345C}.Release|Any CPU.Build.0 = Release|Any CPU
		{8440315F-C934-451E-85B4-0F583551345C}.Release|x64.ActiveCfg = Release|Any CPU
		{8440315F-C934-451E-85B4-0F583551345C}.Release|x64.Build.0 = Release|Any CPU
		{8440315F-C934-451E-85B4-0F583551345C}.Release|x86.ActiveCfg = Release|Any CPU
		{8440315F-C934-451E-85B4-0F583551345C}.Release|x86.Build.0 = Release|Any CPU
		{CDAB516D-617A-46D8-8321-2819C339A37C}.Debug|Any CPU.ActiveCfg = Debug|Any CPU
		{CDAB516D-617A-46D8-8321-2819C339A37C}.Debug|Any CPU.Build.0 = Debug|Any CPU
		{CDAB516D-617A-46D8-8321-2819C339A37C}.Debug|x64.ActiveCfg = Debug|Any CPU
		{CDAB516D-617A-46D8-8321-2819C339A37C}.Debug|x64.Build.0 = Debug|Any CPU
		{CDAB516D-617A-46D8-8321-2819C339A37C}.Debug|x86.ActiveCfg = Debug|Any CPU
		{CDAB516D-617A-46D8-8321-2819C339A37C}.Debug|x86.Build.0 = Debug|Any CPU
		{CDAB516D-617A-46D8-8321-2819C339A37C}.Release|Any CPU.ActiveCfg = Release|Any CPU
		{CDAB516D-617A-46D8-8321-2819C339A37C}.Release|Any CPU.Build.0 = Release|Any CPU
		{CDAB516D-617A-46D8-8321-2819C339A37C}.Release|x64.ActiveCfg = Release|Any CPU
		{CDAB516D-617A-46D8-8321-2819C339A37C}.Release|x64.Build.0 = Release|Any CPU
		{CDAB516D-617A-46D8-8321-2819C339A37C}.Release|x86.ActiveCfg = Release|Any CPU
		{CDAB516D-617A-46D8-8321-2819C339A37C}.Release|x86.Build.0 = Release|Any CPU
	EndGlobalSection
	GlobalSection(SolutionProperties) = preSolution
		HideSolutionNode = FALSE
	EndGlobalSection
EndGlobal
